{
  "name": "b",
  "version": "1.0.0",
  "lockfileVersion": 1,
  "requires": true,
  "dependencies": {
    "a": {
      "version": "file:../a",
      "requires": {
        "c": "file:../c"
      },
      "dependencies": {
        "c": {
          "version": "file:../c",
          "bundled": true
        }
      }
    },
    "c": {
      "version": "file:../c"
    }
  }
}
